
Microsoft Visual Studio Solution File, Format Version 12.00
# Visual Studio Version 17
VisualStudioVersion = 17.0.31903.59
MinimumVisualStudioVersion = 10.0.40219.1
Project("{FAE04EC0-301F-11D3-BF4B-00C04F79EFBC}") = "BrainstormAssistant", "BrainstormAssistant\BrainstormAssistant.csproj", "{6D5E864B-04EB-4D43-BD05-EDAAF58B6B89}"
EndProject
Project("{FAE04EC0-301F-11D3-BF4B-00C04F79EFBC}") = "BrainstormAssistant.Tests", "BrainstormAssistant.Tests\BrainstormAssistant.Tests.csproj", "{8F7DFD1A-F917-41A1-925C-88A0808C8616}"
EndProject
Global
	GlobalSection(SolutionConfigurationPlatforms) = preSolution
		Debug|Any CPU = Debug|Any CPU
		Release|Any CPU = Release|Any CPU
	EndGlobalSection
	GlobalSection(SolutionProperties) = preSolution
		HideSolutionNode = FALSE
	EndGlobalSection
	GlobalSection(ProjectConfigurationPlatforms) = postSolution
		{6D5E864B-04EB-4D43-BD05-EDAAF58B6B89}.Debug|Any CPU.ActiveCfg = Debug|Any CPU
		{6D5E864B-04EB-4D43-BD05-EDAAF58B6B89}.Debug|Any CPU.Build.0 = Debug|Any CPU
		{6D5E864B-04EB-4D43-BD05-EDAAF58B6B89}.Release|Any CPU.ActiveCfg = Release|Any CPU
		{6D5E864B-04EB-4D43-BD05-EDAAF58B6B89}.Release|Any CPU.Build.0 = Release|Any CPU
		{8F7DFD1A-F917-41A1-925C-88A0808C8616}.Debug|Any CPU.ActiveCfg = Debug|Any CPU
		{8F7DFD1A-F917-41A1-925C-88A0808C8616}.Debug|Any CPU.Build.0 = Debug|Any CPU
		{8F7DFD1A-F917-41A1-925C-88A0808C8616}.Release|Any CPU.ActiveCfg = Release|Any CPU
		{8F7DFD1A-F917-41A1-925C-88A0808C8616}.Release|Any CPU.Build.0 = Release|Any CPU
	EndGlobalSection
EndGlobal
